// !$*UTF8*$!
{
	archiveVersion = 1;
	classes = {
	};
	objectVersion = 55;
	objects = {

/* Begin PBXBuildFile section */
		444D3CA1285A483A00FB9C13 /* AppDelegate.m in Sources */ = {isa = PBXBuildFile; fileRef = 444D3CA0285A483A00FB9C13 /* AppDelegate.m */; };
		444D3CA4285A483A00FB9C13 /* SceneDelegate.m in Sources */ = {isa = PBXBuildFile; fileRef = 444D3CA3285A483A00FB9C13 /* SceneDelegate.m */; };
		444D3CAA285A483A00FB9C13 /* Main.storyboard in Resources */ = {isa = PBXBuildFile; fileRef = 444D3CA8285A483A00FB9C13 /* Main.storyboard */; };
		444D3CAC285A483C00FB9C13 /* Assets.xcassets in Resources */ = {isa = PBXBuildFile; fileRef = 444D3CAB285A483C00FB9C13 /* Assets.xcassets */; };
		444D3CAF285A483C00FB9C13 /* LaunchScreen.storyboard in Resources */ = {isa = PBXBuildFile; fileRef = 444D3CAD285A483C00FB9C13 /* LaunchScreen.storyboard */; };
		444D3CB2285A483C00FB9C13 /* main.m in Sources */ = {isa = PBXBuildFile; fileRef = 444D3CB1285A483C00FB9C13 /* main.m */; };
		444D3CBC285A483C00FB9C13 /* FlixterTests.m in Sources */ = {isa = PBXBuildFile; fileRef = 444D3CBB285A483C00FB9C13 /* FlixterTests.m */; };
		444D3CC6285A483C00FB9C13 /* FlixterUITests.m in Sources */ = {isa = PBXBuildFile; fileRef = 444D3CC5285A483C00FB9C13 /* FlixterUITests.m */; };
		444D3CC8285A483C00FB9C13 /* FlixterUITestsLaunchTests.m in Sources */ = {isa = PBXBuildFile; fileRef = 444D3CC7285A483C00FB9C13 /* FlixterUITestsLaunchTests.m */; };
		444D3CD9285A752D00FB9C13 /* MovieViewController.m in Sources */ = {isa = PBXBuildFile; fileRef = 444D3CD8285A752D00FB9C13 /* MovieViewController.m */; };
		44976BBE285D25220010530B /* movieCell.m in Sources */ = {isa = PBXBuildFile; fileRef = 44976BBD285D25220010530B /* movieCell.m */; };
		44976BC1285D2CE90010530B /* customCell.m in Sources */ = {isa = PBXBuildFile; fileRef = 44976BC0285D2CE90010530B /* customCell.m */; };
		57F5879EEC2D126D82F42EB6 /* Pods_Flixter.framework in Frameworks */ = {isa = PBXBuildFile; fileRef = 3FC614E49E901415C95A0F47 /* Pods_Flixter.framework */; };
		592B8D73226FA7B773B907AA /* Pods_Flixter_FlixterUITests.framework in Frameworks */ = {isa = PBXBuildFile; fileRef = 56D5E783F50B2D66301DFE98 /* Pods_Flixter_FlixterUITests.framework */; };
		9A8B04BAAA6AFD263BB32CFC /* Pods_FlixterTests.framework in Frameworks */ = {isa = PBXBuildFile; fileRef = BF217BC0803DD05C7C933121 /* Pods_FlixterTests.framework */; };
/* End PBXBuildFile section */

/* Begin PBXContainerItemProxy section */
		444D3CB8285A483C00FB9C13 /* PBXContainerItemProxy */ = {
			isa = PBXContainerItemProxy;
			containerPortal = 444D3C94285A483A00FB9C13 /* Project object */;
			proxyType = 1;
			remoteGlobalIDString = 444D3C9B285A483A00FB9C13;
			remoteInfo = Flixter;
		};
		444D3CC2285A483C00FB9C13 /* PBXContainerItemProxy */ = {
			isa = PBXContainerItemProxy;
			containerPortal = 444D3C94285A483A00FB9C13 /* Project object */;
			proxyType = 1;
			remoteGlobalIDString = 444D3C9B285A483A00FB9C13;
			remoteInfo = Flixter;
		};
/* End PBXContainerItemProxy section */

/* Begin PBXFileReference section */
		1E69F878CE899EC80B693BF8 /* Pods-Flixter.debug.xcconfig */ = {isa = PBXFileReference; includeInIndex = 1; lastKnownFileType = text.xcconfig; name = "Pods-Flixter.debug.xcconfig"; path = "Target Support Files/Pods-Flixter/Pods-Flixter.debug.xcconfig"; sourceTree = "<group>"; };
		2BD2EB710FD06BEF8F3EB05E /* Pods-Flixter.release.xcconfig */ = {isa = PBXFileReference; includeInIndex = 1; lastKnownFileType = text.xcconfig; name = "Pods-Flixter.release.xcconfig"; path = "Target Support Files/Pods-Flixter/Pods-Flixter.release.xcconfig"; sourceTree = "<group>"; };
		3FC614E49E901415C95A0F47 /* Pods_Flixter.framework */ = {isa = PBXFileReference; explicitFileType = wrapper.framework; includeInIndex = 0; path = Pods_Flixter.framework; sourceTree = BUILT_PRODUCTS_DIR; };
		444D3C9C285A483A00FB9C13 /* Flixter.app */ = {isa = PBXFileReference; explicitFileType = wrapper.application; includeInIndex = 0; path = Flixter.app; sourceTree = BUILT_PRODUCTS_DIR; };
		444D3C9F285A483A00FB9C13 /* AppDelegate.h */ = {isa = PBXFileReference; lastKnownFileType = sourcecode.c.h; path = AppDelegate.h; sourceTree = "<group>"; };
		444D3CA0285A483A00FB9C13 /* AppDelegate.m */ = {isa = PBXFileReference; lastKnownFileType = sourcecode.c.objc; path = AppDelegate.m; sourceTree = "<group>"; };
		444D3CA2285A483A00FB9C13 /* SceneDelegate.h */ = {isa = PBXFileReference; lastKnownFileType = sourcecode.c.h; path = SceneDelegate.h; sourceTree = "<group>"; };
		444D3CA3285A483A00FB9C13 /* SceneDelegate.m */ = {isa = PBXFileReference; lastKnownFileType = sourcecode.c.objc; path = SceneDelegate.m; sourceTree = "<group>"; };
		444D3CA9285A483A00FB9C13 /* Base */ = {isa = PBXFileReference; lastKnownFileType = file.storyboard; name = Base; path = Base.lproj/Main.storyboard; sourceTree = "<group>"; };
		444D3CAB285A483C00FB9C13 /* Assets.xcassets */ = {isa = PBXFileReference; lastKnownFileType = folder.assetcatalog; path = Assets.xcassets; sourceTree = "<group>"; };
		444D3CAE285A483C00FB9C13 /* Base */ = {isa = PBXFileReference; lastKnownFileType = file.storyboard; name = Base; path = Base.lproj/LaunchScreen.storyboard; sourceTree = "<group>"; };
		444D3CB0285A483C00FB9C13 /* Info.plist */ = {isa = PBXFileReference; lastKnownFileType = text.plist.xml; path = Info.plist; sourceTree = "<group>"; };
		444D3CB1285A483C00FB9C13 /* main.m */ = {isa = PBXFileReference; lastKnownFileType = sourcecode.c.objc; path = main.m; sourceTree = "<group>"; };
		444D3CB7285A483C00FB9C13 /* FlixterTests.xctest */ = {isa = PBXFileReference; explicitFileType = wrapper.cfbundle; includeInIndex = 0; path = FlixterTests.xctest; sourceTree = BUILT_PRODUCTS_DIR; };
		444D3CBB285A483C00FB9C13 /* FlixterTests.m */ = {isa = PBXFileReference; lastKnownFileType = sourcecode.c.objc; path = FlixterTests.m; sourceTree = "<group>"; };
		444D3CC1285A483C00FB9C13 /* FlixterUITests.xctest */ = {isa = PBXFileReference; explicitFileType = wrapper.cfbundle; includeInIndex = 0; path = FlixterUITests.xctest; sourceTree = BUILT_PRODUCTS_DIR; };
		444D3CC5285A483C00FB9C13 /* FlixterUITests.m */ = {isa = PBXFileReference; lastKnownFileType = sourcecode.c.objc; path = FlixterUITests.m; sourceTree = "<group>"; };
		444D3CC7285A483C00FB9C13 /* FlixterUITestsLaunchTests.m */ = {isa = PBXFileReference; lastKnownFileType = sourcecode.c.objc; path = FlixterUITestsLaunchTests.m; sourceTree = "<group>"; };
		444D3CD7285A752D00FB9C13 /* MovieViewController.h */ = {isa = PBXFileReference; lastKnownFileType = sourcecode.c.h; path = MovieViewController.h; sourceTree = "<group>"; };
		444D3CD8285A752D00FB9C13 /* MovieViewController.m */ = {isa = PBXFileReference; lastKnownFileType = sourcecode.c.objc; path = MovieViewController.m; sourceTree = "<group>"; };
		44976BBC285D25220010530B /* movieCell.h */ = {isa = PBXFileReference; lastKnownFileType = sourcecode.c.h; path = movieCell.h; sourceTree = "<group>"; };
		44976BBD285D25220010530B /* movieCell.m */ = {isa = PBXFileReference; lastKnownFileType = sourcecode.c.objc; path = movieCell.m; sourceTree = "<group>"; };
		44976BBF285D2CE90010530B /* customCell.h */ = {isa = PBXFileReference; lastKnownFileType = sourcecode.c.h; path = customCell.h; sourceTree = "<group>"; };
		44976BC0285D2CE90010530B /* customCell.m */ = {isa = PBXFileReference; lastKnownFileType = sourcecode.c.objc; path = customCell.m; sourceTree = "<group>"; };
		56D5E783F50B2D66301DFE98 /* Pods_Flixter_FlixterUITests.framework */ = {isa = PBXFileReference; explicitFileType = wrapper.framework; includeInIndex = 0; path = Pods_Flixter_FlixterUITests.framework; sourceTree = BUILT_PRODUCTS_DIR; };
		62D4977F8373D253C16BF840 /* Pods-Flixter-FlixterUITests.debug.xcconfig */ = {isa = PBXFileReference; includeInIndex = 1; lastKnownFileType = text.xcconfig; name = "Pods-Flixter-FlixterUITests.debug.xcconfig"; path = "Target Support Files/Pods-Flixter-FlixterUITests/Pods-Flixter-FlixterUITests.debug.xcconfig"; sourceTree = "<group>"; };
		BF217BC0803DD05C7C933121 /* Pods_FlixterTests.framework */ = {isa = PBXFileReference; explicitFileType = wrapper.framework; includeInIndex = 0; path = Pods_FlixterTests.framework; sourceTree = BUILT_PRODUCTS_DIR; };
		DF272AFFBC8BC594EC6974A2 /* Pods-FlixterTests.debug.xcconfig */ = {isa = PBXFileReference; includeInIndex = 1; lastKnownFileType = text.xcconfig; name = "Pods-FlixterTests.debug.xcconfig"; path = "Target Support Files/Pods-FlixterTests/Pods-FlixterTests.debug.xcconfig"; sourceTree = "<group>"; };
		FDBB6B80BECE29837C3417FE /* Pods-FlixterTests.release.xcconfig */ = {isa = PBXFileReference; includeInIndex = 1; lastKnownFileType = text.xcconfig; name = "Pods-FlixterTests.release.xcconfig"; path = "Target Support Files/Pods-FlixterTests/Pods-FlixterTests.release.xcconfig"; sourceTree = "<group>"; };
		FEEF586D4ECE9F3562FAC45F /* Pods-Flixter-FlixterUITests.release.xcconfig */ = {isa = PBXFileReference; includeInIndex = 1; lastKnownFileType = text.xcconfig; name = "Pods-Flixter-FlixterUITests.release.xcconfig"; path = "Target Support Files/Pods-Flixter-FlixterUITests/Pods-Flixter-FlixterUITests.release.xcconfig"; sourceTree = "<group>"; };
/* End PBXFileReference section */

/* Begin PBXFrameworksBuildPhase section */
		444D3C99285A483A00FB9C13 /* Frameworks */ = {
			isa = PBXFrameworksBuildPhase;
			buildActionMask = 2147483647;
			files = (
				57F5879EEC2D126D82F42EB6 /* Pods_Flixter.framework in Frameworks */,
			);
			runOnlyForDeploymentPostprocessing = 0;
		};
		444D3CB4285A483C00FB9C13 /* Frameworks */ = {
			isa = PBXFrameworksBuildPhase;
			buildActionMask = 2147483647;
			files = (
				9A8B04BAAA6AFD263BB32CFC /* Pods_FlixterTests.framework in Frameworks */,
			);
			runOnlyForDeploymentPostprocessing = 0;
		};
		444D3CBE285A483C00FB9C13 /* Frameworks */ = {
			isa = PBXFrameworksBuildPhase;
			buildActionMask = 2147483647;
			files = (
				592B8D73226FA7B773B907AA /* Pods_Flixter_FlixterUITests.framework in Frameworks */,
			);
			runOnlyForDeploymentPostprocessing = 0;
		};
/* End PBXFrameworksBuildPhase section */

/* Begin PBXGroup section */
		444D3C93285A483A00FB9C13 = {
			isa = PBXGroup;
			children = (
				444D3C9E285A483A00FB9C13 /* Flixter */,
				444D3CBA285A483C00FB9C13 /* FlixterTests */,
				444D3CC4285A483C00FB9C13 /* FlixterUITests */,
				444D3C9D285A483A00FB9C13 /* Products */,
				9410CF56BD7C57AE124E7F1C /* Pods */,
				572011B6F53069B3BC4F42B1 /* Frameworks */,
			);
			sourceTree = "<group>";
		};
		444D3C9D285A483A00FB9C13 /* Products */ = {
			isa = PBXGroup;
			children = (
				444D3C9C285A483A00FB9C13 /* Flixter.app */,
				444D3CB7285A483C00FB9C13 /* FlixterTests.xctest */,
				444D3CC1285A483C00FB9C13 /* FlixterUITests.xctest */,
			);
			name = Products;
			sourceTree = "<group>";
		};
		444D3C9E285A483A00FB9C13 /* Flixter */ = {
			isa = PBXGroup;
			children = (
				444D3C9F285A483A00FB9C13 /* AppDelegate.h */,
				44976BBC285D25220010530B /* movieCell.h */,
				44976BBD285D25220010530B /* movieCell.m */,
				444D3CA0285A483A00FB9C13 /* AppDelegate.m */,
				444D3CA2285A483A00FB9C13 /* SceneDelegate.h */,
				444D3CA3285A483A00FB9C13 /* SceneDelegate.m */,
				444D3CD7285A752D00FB9C13 /* MovieViewController.h */,
				444D3CD8285A752D00FB9C13 /* MovieViewController.m */,
				444D3CA8285A483A00FB9C13 /* Main.storyboard */,
				44976BBF285D2CE90010530B /* customCell.h */,
				44976BC0285D2CE90010530B /* customCell.m */,
				444D3CAB285A483C00FB9C13 /* Assets.xcassets */,
				444D3CAD285A483C00FB9C13 /* LaunchScreen.storyboard */,
				444D3CB0285A483C00FB9C13 /* Info.plist */,
				444D3CB1285A483C00FB9C13 /* main.m */,
			);
			path = Flixter;
			sourceTree = "<group>";
		};
		444D3CBA285A483C00FB9C13 /* FlixterTests */ = {
			isa = PBXGroup;
			children = (
				444D3CBB285A483C00FB9C13 /* FlixterTests.m */,
			);
			path = FlixterTests;
			sourceTree = "<group>";
		};
		444D3CC4285A483C00FB9C13 /* FlixterUITests */ = {
			isa = PBXGroup;
			children = (
				444D3CC5285A483C00FB9C13 /* FlixterUITests.m */,
				444D3CC7285A483C00FB9C13 /* FlixterUITestsLaunchTests.m */,
			);
			path = FlixterUITests;
			sourceTree = "<group>";
		};
		572011B6F53069B3BC4F42B1 /* Frameworks */ = {
			isa = PBXGroup;
			children = (
				3FC614E49E901415C95A0F47 /* Pods_Flixter.framework */,
				56D5E783F50B2D66301DFE98 /* Pods_Flixter_FlixterUITests.framework */,
				BF217BC0803DD05C7C933121 /* Pods_FlixterTests.framework */,
			);
			name = Frameworks;
			sourceTree = "<group>";
		};
		9410CF56BD7C57AE124E7F1C /* Pods */ = {
			isa = PBXGroup;
			children = (
				1E69F878CE899EC80B693BF8 /* Pods-Flixter.debug.xcconfig */,
				2BD2EB710FD06BEF8F3EB05E /* Pods-Flixter.release.xcconfig */,
				62D4977F8373D253C16BF840 /* Pods-Flixter-FlixterUITests.debug.xcconfig */,
				FEEF586D4ECE9F3562FAC45F /* Pods-Flixter-FlixterUITests.release.xcconfig */,
				DF272AFFBC8BC594EC6974A2 /* Pods-FlixterTests.debug.xcconfig */,
				FDBB6B80BECE29837C3417FE /* Pods-FlixterTests.release.xcconfig */,
			);
			name = Pods;
			path = Pods;
			sourceTree = "<group>";
		};
/* End PBXGroup section */

/* Begin PBXNativeTarget section */
		444D3C9B285A483A00FB9C13 /* Flixter */ = {
			isa = PBXNativeTarget;
			buildConfigurationList = 444D3CCB285A483C00FB9C13 /* Build configuration list for PBXNativeTarget "Flixter" */;
			buildPhases = (
				0D87FE4BD920C747B84FA38D /* [CP] Check Pods Manifest.lock */,
				444D3C98285A483A00FB9C13 /* Sources */,
				444D3C99285A483A00FB9C13 /* Frameworks */,
				444D3C9A285A483A00FB9C13 /* Resources */,
				4346F3CBCF6F8C59597A0D8D /* [CP] Embed Pods Frameworks */,
			);
			buildRules = (
			);
			dependencies = (
			);
			name = Flixter;
			productName = Flixter;
			productReference = 444D3C9C285A483A00FB9C13 /* Flixter.app */;
			productType = "com.apple.product-type.application";
		};
		444D3CB6285A483C00FB9C13 /* FlixterTests */ = {
			isa = PBXNativeTarget;
			buildConfigurationList = 444D3CCE285A483C00FB9C13 /* Build configuration list for PBXNativeTarget "FlixterTests" */;
			buildPhases = (
				1637D766A0CA43A23466D003 /* [CP] Check Pods Manifest.lock */,
				444D3CB3285A483C00FB9C13 /* Sources */,
				444D3CB4285A483C00FB9C13 /* Frameworks */,
				444D3CB5285A483C00FB9C13 /* Resources */,
			);
			buildRules = (
			);
			dependencies = (
				444D3CB9285A483C00FB9C13 /* PBXTargetDependency */,
			);
			name = FlixterTests;
			productName = FlixterTests;
			productReference = 444D3CB7285A483C00FB9C13 /* FlixterTests.xctest */;
			productType = "com.apple.product-type.bundle.unit-test";
		};
		444D3CC0285A483C00FB9C13 /* FlixterUITests */ = {
			isa = PBXNativeTarget;
			buildConfigurationList = 444D3CD1285A483C00FB9C13 /* Build configuration list for PBXNativeTarget "FlixterUITests" */;
			buildPhases = (
				2BD40922A1D404D08C6DA4C4 /* [CP] Check Pods Manifest.lock */,
				444D3CBD285A483C00FB9C13 /* Sources */,
				444D3CBE285A483C00FB9C13 /* Frameworks */,
				444D3CBF285A483C00FB9C13 /* Resources */,
				5EE195FC3F045304F12E6441 /* [CP] Embed Pods Frameworks */,
			);
			buildRules = (
			);
			dependencies = (
				444D3CC3285A483C00FB9C13 /* PBXTargetDependency */,
			);
			name = FlixterUITests;
			productName = FlixterUITests;
			productReference = 444D3CC1285A483C00FB9C13 /* FlixterUITests.xctest */;
			productType = "com.apple.product-type.bundle.ui-testing";
		};
/* End PBXNativeTarget section */

/* Begin PBXProject section */
		444D3C94285A483A00FB9C13 /* Project object */ = {
			isa = PBXProject;
			attributes = {
				BuildIndependentTargetsInParallel = 1;
				LastUpgradeCheck = 1340;
				TargetAttributes = {
					444D3C9B285A483A00FB9C13 = {
						CreatedOnToolsVersion = 13.4.1;
					};
					444D3CB6285A483C00FB9C13 = {
						CreatedOnToolsVersion = 13.4.1;
						TestTargetID = 444D3C9B285A483A00FB9C13;
					};
					444D3CC0285A483C00FB9C13 = {
						CreatedOnToolsVersion = 13.4.1;
						TestTargetID = 444D3C9B285A483A00FB9C13;
					};
				};
			};
			buildConfigurationList = 444D3C97285A483A00FB9C13 /* Build configuration list for PBXProject "Flixter" */;
			compatibilityVersion = "Xcode 13.0";
			developmentRegion = en;
			hasScannedForEncodings = 0;
			knownRegions = (
				en,
				Base,
			);
			mainGroup = 444D3C93285A483A00FB9C13;
			productRefGroup = 444D3C9D285A483A00FB9C13 /* Products */;
			projectDirPath = "";
			projectRoot = "";
			targets = (
				444D3C9B285A483A00FB9C13 /* Flixter */,
				444D3CB6285A483C00FB9C13 /* FlixterTests */,
				444D3CC0285A483C00FB9C13 /* FlixterUITests */,
			);
		};
/* End PBXProject section */

/* Begin PBXResourcesBuildPhase section */
		444D3C9A285A483A00FB9C13 /* Resources */ = {
			isa = PBXResourcesBuildPhase;
			buildActionMask = 2147483647;
			files = (
				444D3CAF285A483C00FB9C13 /* LaunchScreen.storyboard in Resources */,
				444D3CAC285A483C00FB9C13 /* Assets.xcassets in Resources */,
				444D3CAA285A483A00FB9C13 /* Main.storyboard in Resources */,
			);
			runOnlyForDeploymentPostprocessing = 0;
		};
		444D3CB5285A483C00FB9C13 /* Resources */ = {
			isa = PBXResourcesBuildPhase;
			buildActionMask = 2147483647;
			files = (
			);
			runOnlyForDeploymentPostprocessing = 0;
		};
		444D3CBF285A483C00FB9C13 /* Resources */ = {
			isa = PBXResourcesBuildPhase;
			buildActionMask = 2147483647;
			files = (
			);
			runOnlyForDeploymentPostprocessing = 0;
		};
/* End PBXResourcesBuildPhase section */

/* Begin PBXShellScriptBuildPhase section */
		0D87FE4BD920C747B84FA38D /* [CP] Check Pods Manifest.lock */ = {
			isa = PBXShellScriptBuildPhase;
			buildActionMask = 2147483647;
			files = (
			);
			inputFileListPaths = (
			);
			inputPaths = (
				"${PODS_PODFILE_DIR_PATH}/Podfile.lock",
				"${PODS_ROOT}/Manifest.lock",
			);
			name = "[CP] Check Pods Manifest.lock";
			outputFileListPaths = (
			);
			outputPaths = (
				"$(DERIVED_FILE_DIR)/Pods-Flixter-checkManifestLockResult.txt",
			);
			runOnlyForDeploymentPostprocessing = 0;
			shellPath = /bin/sh;
			shellScript = "diff \"${PODS_PODFILE_DIR_PATH}/Podfile.lock\" \"${PODS_ROOT}/Manifest.lock\" > /dev/null\nif [ $? != 0 ] ; then\n    # print error to STDERR\n    echo \"error: The sandbox is not in sync with the Podfile.lock. Run 'pod install' or update your CocoaPods installation.\" >&2\n    exit 1\nfi\n# This output is used by Xcode 'outputs' to avoid re-running this script phase.\necho \"SUCCESS\" > \"${SCRIPT_OUTPUT_FILE_0}\"\n";
			showEnvVarsInLog = 0;
		};
		1637D766A0CA43A23466D003 /* [CP] Check Pods Manifest.lock */ = {
			isa = PBXShellScriptBuildPhase;
			buildActionMask = 2147483647;
			files = (
			);
			inputFileListPaths = (
			);
			inputPaths = (
				"${PODS_PODFILE_DIR_PATH}/Podfile.lock",
				"${PODS_ROOT}/Manifest.lock",
			);
			name = "[CP] Check Pods Manifest.lock";
			outputFileListPaths = (
			);
			outputPaths = (
				"$(DERIVED_FILE_DIR)/Pods-FlixterTests-checkManifestLockResult.txt",
			);
			runOnlyForDeploymentPostprocessing = 0;
			shellPath = /bin/sh;
			shellScript = "diff \"${PODS_PODFILE_DIR_PATH}/Podfile.lock\" \"${PODS_ROOT}/Manifest.lock\" > /dev/null\nif [ $? != 0 ] ; then\n    # print error to STDERR\n    echo \"error: The sandbox is not in sync with the Podfile.lock. Run 'pod install' or update your CocoaPods installation.\" >&2\n    exit 1\nfi\n# This output is used by Xcode 'outputs' to avoid re-running this script phase.\necho \"SUCCESS\" > \"${SCRIPT_OUTPUT_FILE_0}\"\n";
			showEnvVarsInLog = 0;
		};
		2BD40922A1D404D08C6DA4C4 /* [CP] Check Pods Manifest.lock */ = {
			isa = PBXShellScriptBuildPhase;
			buildActionMask = 2147483647;
			files = (
			);
			inputFileListPaths = (
			);
			inputPaths = (
				"${PODS_PODFILE_DIR_PATH}/Podfile.lock",
				"${PODS_ROOT}/Manifest.lock",
			);
			name = "[CP] Check Pods Manifest.lock";
			outputFileListPaths = (
			);
			outputPaths = (
				"$(DERIVED_FILE_DIR)/Pods-Flixter-FlixterUITests-checkManifestLockResult.txt",
			);
			runOnlyForDeploymentPostprocessing = 0;
			shellPath = /bin/sh;
			shellScript = "diff \"${PODS_PODFILE_DIR_PATH}/Podfile.lock\" \"${PODS_ROOT}/Manifest.lock\" > /dev/null\nif [ $? != 0 ] ; then\n    # print error to STDERR\n    echo \"error: The sandbox is not in sync with the Podfile.lock. Run 'pod install' or update your CocoaPods installation.\" >&2\n    exit 1\nfi\n# This output is used by Xcode 'outputs' to avoid re-running this script phase.\necho \"SUCCESS\" > \"${SCRIPT_OUTPUT_FILE_0}\"\n";
			showEnvVarsInLog = 0;
		};
		4346F3CBCF6F8C59597A0D8D /* [CP] Embed Pods Frameworks */ = {
			isa = PBXShellScriptBuildPhase;
			buildActionMask = 2147483647;
			files = (
			);
			inputFileListPaths = (
				"${PODS_ROOT}/Target Support Files/Pods-Flixter/Pods-Flixter-frameworks-${CONFIGURATION}-input-files.xcfilelist",
			);
			name = "[CP] Embed Pods Frameworks";
			outputFileListPaths = (
				"${PODS_ROOT}/Target Support Files/Pods-Flixter/Pods-Flixter-frameworks-${CONFIGURATION}-output-files.xcfilelist",
			);
			runOnlyForDeploymentPostprocessing = 0;
			shellPath = /bin/sh;
			shellScript = "\"${PODS_ROOT}/Target Support Files/Pods-Flixter/Pods-Flixter-frameworks.sh\"\n";
			showEnvVarsInLog = 0;
		};
		5EE195FC3F045304F12E6441 /* [CP] Embed Pods Frameworks */ = {
			isa = PBXShellScriptBuildPhase;
			buildActionMask = 2147483647;
			files = (
			);
			inputFileListPaths = (
				"${PODS_ROOT}/Target Support Files/Pods-Flixter-FlixterUITests/Pods-Flixter-FlixterUITests-frameworks-${CONFIGURATION}-input-files.xcfilelist",
			);
			name = "[CP] Embed Pods Frameworks";
			outputFileListPaths = (
				"${PODS_ROOT}/Target Support Files/Pods-Flixter-FlixterUITests/Pods-Flixter-FlixterUITests-frameworks-${CONFIGURATION}-output-files.xcfilelist",
			);
			runOnlyForDeploymentPostprocessing = 0;
			shellPath = /bin/sh;
			shellScript = "\"${PODS_ROOT}/Target Support Files/Pods-Flixter-FlixterUITests/Pods-Flixter-FlixterUITests-frameworks.sh\"\n";
			showEnvVarsInLog = 0;
		};
/* End PBXShellScriptBuildPhase section */

/* Begin PBXSourcesBuildPhase section */
		444D3C98285A483A00FB9C13 /* Sources */ = {
			isa = PBXSourcesBuildPhase;
			buildActionMask = 2147483647;
			files = (
				44976BC1285D2CE90010530B /* customCell.m in Sources */,
				444D3CA1285A483A00FB9C13 /* AppDelegate.m in Sources */,
				44976BBE285D25220010530B /* movieCell.m in Sources */,
				444D3CB2285A483C00FB9C13 /* main.m in Sources */,
				444D3CA4285A483A00FB9C13 /* SceneDelegate.m in Sources */,
				444D3CD9285A752D00FB9C13 /* MovieViewController.m in Sources */,
			);
			runOnlyForDeploymentPostprocessing = 0;
		};
		444D3CB3285A483C00FB9C13 /* Sources */ = {
			isa = PBXSourcesBuildPhase;
			buildActionMask = 2147483647;
			files = (
				444D3CBC285A483C00FB9C13 /* FlixterTests.m in Sources */,
			);
			runOnlyForDeploymentPostprocessing = 0;
		};
		444D3CBD285A483C00FB9C13 /* Sources */ = {
			isa = PBXSourcesBuildPhase;
			buildActionMask = 2147483647;
			files = (
				444D3CC6285A483C00FB9C13 /* FlixterUITests.m in Sources */,
				444D3CC8285A483C00FB9C13 /* FlixterUITestsLaunchTests.m in Sources */,
			);
			runOnlyForDeploymentPostprocessing = 0;
		};
/* End PBXSourcesBuildPhase section */

/* Begin PBXTargetDependency section */
		444D3CB9285A483C00FB9C13 /* PBXTargetDependency */ = {
			isa = PBXTargetDependency;
			target = 444D3C9B285A483A00FB9C13 /* Flixter */;
			targetProxy = 444D3CB8285A483C00FB9C13 /* PBXContainerItemProxy */;
		};
		444D3CC3285A483C00FB9C13 /* PBXTargetDependency */ = {
			isa = PBXTargetDependency;
			target = 444D3C9B285A483A00FB9C13 /* Flixter */;
			targetProxy = 444D3CC2285A483C00FB9C13 /* PBXContainerItemProxy */;
		};
/* End PBXTargetDependency section */

/* Begin PBXVariantGroup section */
		444D3CA8285A483A00FB9C13 /* Main.storyboard */ = {
			isa = PBXVariantGroup;
			children = (
				444D3CA9285A483A00FB9C13 /* Base */,
			);
			name = Main.storyboard;
			sourceTree = "<group>";
		};
		444D3CAD285A483C00FB9C13 /* LaunchScreen.storyboard */ = {
			isa = PBXVariantGroup;
			children = (
				444D3CAE285A483C00FB9C13 /* Base */,
			);
			name = LaunchScreen.storyboard;
			sourceTree = "<group>";
		};
/* End PBXVariantGroup section */

/* Begin XCBuildConfiguration section */
		444D3CC9285A483C00FB9C13 /* Debug */ = {
			isa = XCBuildConfiguration;
			buildSettings = {
				ALWAYS_SEARCH_USER_PATHS = NO;
				CLANG_ANALYZER_NONNULL = YES;
				CLANG_ANALYZER_NUMBER_OBJECT_CONVERSION = YES_AGGRESSIVE;
				CLANG_CXX_LANGUAGE_STANDARD = "gnu++17";
				CLANG_ENABLE_MODULES = YES;
				CLANG_ENABLE_OBJC_ARC = YES;
				CLANG_ENABLE_OBJC_WEAK = YES;
				CLANG_WARN_BLOCK_CAPTURE_AUTORELEASING = YES;
				CLANG_WARN_BOOL_CONVERSION = YES;
				CLANG_WARN_COMMA = YES;
				CLANG_WARN_CONSTANT_CONVERSION = YES;
				CLANG_WARN_DEPRECATED_OBJC_IMPLEMENTATIONS = YES;
				CLANG_WARN_DIRECT_OBJC_ISA_USAGE = YES_ERROR;
				CLANG_WARN_DOCUMENTATION_COMMENTS = YES;
				CLANG_WARN_EMPTY_BODY = YES;
				CLANG_WARN_ENUM_CONVERSION = YES;
				CLANG_WARN_INFINITE_RECURSION = YES;
				CLANG_WARN_INT_CONVERSION = YES;
				CLANG_WARN_NON_LITERAL_NULL_CONVERSION = YES;
				CLANG_WARN_OBJC_IMPLICIT_RETAIN_SELF = YES;
				CLANG_WARN_OBJC_LITERAL_CONVERSION = YES;
				CLANG_WARN_OBJC_ROOT_CLASS = YES_ERROR;
				CLANG_WARN_QUOTED_INCLUDE_IN_FRAMEWORK_HEADER = YES;
				CLANG_WARN_RANGE_LOOP_ANALYSIS = YES;
				CLANG_WARN_STRICT_PROTOTYPES = YES;
				CLANG_WARN_SUSPICIOUS_MOVE = YES;
				CLANG_WARN_UNGUARDED_AVAILABILITY = YES_AGGRESSIVE;
				CLANG_WARN_UNREACHABLE_CODE = YES;
				CLANG_WARN__DUPLICATE_METHOD_MATCH = YES;
				COPY_PHASE_STRIP = NO;
				DEBUG_INFORMATION_FORMAT = dwarf;
				ENABLE_STRICT_OBJC_MSGSEND = YES;
				ENABLE_TESTABILITY = YES;
				GCC_C_LANGUAGE_STANDARD = gnu11;
				GCC_DYNAMIC_NO_PIC = NO;
				GCC_NO_COMMON_BLOCKS = YES;
				GCC_OPTIMIZATION_LEVEL = 0;
				GCC_PREPROCESSOR_DEFINITIONS = (
					"DEBUG=1",
					"$(inherited)",
				);
				GCC_WARN_64_TO_32_BIT_CONVERSION = YES;
				GCC_WARN_ABOUT_RETURN_TYPE = YES_ERROR;
				GCC_WARN_UNDECLARED_SELECTOR = YES;
				GCC_WARN_UNINITIALIZED_AUTOS = YES_AGGRESSIVE;
				GCC_WARN_UNUSED_FUNCTION = YES;
				GCC_WARN_UNUSED_VARIABLE = YES;
				IPHONEOS_DEPLOYMENT_TARGET = 15.5;
				MTL_ENABLE_DEBUG_INFO = INCLUDE_SOURCE;
				MTL_FAST_MATH = YES;
				ONLY_ACTIVE_ARCH = YES;
				SDKROOT = iphoneos;
			};
			name = Debug;
		};
		444D3CCA285A483C00FB9C13 /* Release */ = {
			isa = XCBuildConfiguration;
			buildSettings = {
				ALWAYS_SEARCH_USER_PATHS = NO;
				CLANG_ANALYZER_NONNULL = YES;
				CLANG_ANALYZER_NUMBER_OBJECT_CONVERSION = YES_AGGRESSIVE;
				CLANG_CXX_LANGUAGE_STANDARD = "gnu++17";
				CLANG_ENABLE_MODULES = YES;
				CLANG_ENABLE_OBJC_ARC = YES;
				CLANG_ENABLE_OBJC_WEAK = YES;
				CLANG_WARN_BLOCK_CAPTURE_AUTORELEASING = YES;
				CLANG_WARN_BOOL_CONVERSION = YES;
				CLANG_WARN_COMMA = YES;
				CLANG_WARN_CONSTANT_CONVERSION = YES;
				CLANG_WARN_DEPRECATED_OBJC_IMPLEMENTATIONS = YES;
				CLANG_WARN_DIRECT_OBJC_ISA_USAGE = YES_ERROR;
				CLANG_WARN_DOCUMENTATION_COMMENTS = YES;
				CLANG_WARN_EMPTY_BODY = YES;
				CLANG_WARN_ENUM_CONVERSION = YES;
				CLANG_WARN_INFINITE_RECURSION = YES;
				CLANG_WARN_INT_CONVERSION = YES;
				CLANG_WARN_NON_LITERAL_NULL_CONVERSION = YES;
				CLANG_WARN_OBJC_IMPLICIT_RETAIN_SELF = YES;
				CLANG_WARN_OBJC_LITERAL_CONVERSION = YES;
				CLANG_WARN_OBJC_ROOT_CLASS = YES_ERROR;
				CLANG_WARN_QUOTED_INCLUDE_IN_FRAMEWORK_HEADER = YES;
				CLANG_WARN_RANGE_LOOP_ANALYSIS = YES;
				CLANG_WARN_STRICT_PROTOTYPES = YES;
				CLANG_WARN_SUSPICIOUS_MOVE = YES;
				CLANG_WARN_UNGUARDED_AVAILABILITY = YES_AGGRESSIVE;
				CLANG_WARN_UNREACHABLE_CODE = YES;
				CLANG_WARN__DUPLICATE_METHOD_MATCH = YES;
				COPY_PHASE_STRIP = NO;
				DEBUG_INFORMATION_FORMAT = "dwarf-with-dsym";
				ENABLE_NS_ASSERTIONS = NO;
				ENABLE_STRICT_OBJC_MSGSEND = YES;
				GCC_C_LANGUAGE_STANDARD = gnu11;
				GCC_NO_COMMON_BLOCKS = YES;
				GCC_WARN_64_TO_32_BIT_CONVERSION = YES;
				GCC_WARN_ABOUT_RETURN_TYPE = YES_ERROR;
				GCC_WARN_UNDECLARED_SELECTOR = YES;
				GCC_WARN_UNINITIALIZED_AUTOS = YES_AGGRESSIVE;
				GCC_WARN_UNUSED_FUNCTION = YES;
				GCC_WARN_UNUSED_VARIABLE = YES;
				IPHONEOS_DEPLOYMENT_TARGET = 15.5;
				MTL_ENABLE_DEBUG_INFO = NO;
				MTL_FAST_MATH = YES;
				SDKROOT = iphoneos;
				VALIDATE_PRODUCT = YES;
			};
			name = Release;
		};
		444D3CCC285A483C00FB9C13 /* Debug */ = {
			isa = XCBuildConfiguration;
			baseConfigurationReference = 1E69F878CE899EC80B693BF8 /* Pods-Flixter.debug.xcconfig */;
			buildSettings = {
				ASSETCATALOG_COMPILER_APPICON_NAME = AppIcon;
				ASSETCATALOG_COMPILER_GLOBAL_ACCENT_COLOR_NAME = AccentColor;
				CODE_SIGN_STYLE = Automatic;
				CURRENT_PROJECT_VERSION = 1;
				GENERATE_INFOPLIST_FILE = YES;
				INFOPLIST_FILE = Flixter/Info.plist;
				INFOPLIST_KEY_UIApplicationSupportsIndirectInputEvents = YES;
				INFOPLIST_KEY_UILaunchStoryboardName = LaunchScreen;
				INFOPLIST_KEY_UIMainStoryboardFile = Main;
				INFOPLIST_KEY_UISupportedInterfaceOrientations_iPad = "UIInterfaceOrientationPortrait UIInterfaceOrientationPortraitUpsideDown UIInterfaceOrientationLandscapeLeft UIInterfaceOrientationLandscapeRight";
				INFOPLIST_KEY_UISupportedInterfaceOrientations_iPhone = "UIInterfaceOrientationPortrait UIInterfaceOrientationLandscapeLeft UIInterfaceOrientationLandscapeRight";
				LD_RUNPATH_SEARCH_PATHS = (
					"$(inherited)",
					"@executable_path/Frameworks",
				);
				MARKETING_VERSION = 1.0;
				PRODUCT_BUNDLE_IDENTIFIER = com.codepath.Flixter;
				PRODUCT_NAME = "$(TARGET_NAME)";
				SWIFT_EMIT_LOC_STRINGS = YES;
				TARGETED_DEVICE_FAMILY = "1,2";
			};
			name = Debug;
		};
		444D3CCD285A483C00FB9C13 /* Release */ = {
			isa = XCBuildConfiguration;
			baseConfigurationReference = 2BD2EB710FD06BEF8F3EB05E /* Pods-Flixter.release.xcconfig */;
			buildSettings = {
				ASSETCATALOG_COMPILER_APPICON_NAME = AppIcon;
				ASSETCATALOG_COMPILER_GLOBAL_ACCENT_COLOR_NAME = AccentColor;
				CODE_SIGN_STYLE = Automatic;
				CURRENT_PROJECT_VERSION = 1;
				GENERATE_INFOPLIST_FILE = YES;
				INFOPLIST_FILE = Flixter/Info.plist;
				INFOPLIST_KEY_UIApplicationSupportsIndirectInputEvents = YES;
				INFOPLIST_KEY_UILaunchStoryboardName = LaunchScreen;
				INFOPLIST_KEY_UIMainStoryboardFile = Main;
				INFOPLIST_KEY_UISupportedInterfaceOrientations_iPad = "UIInterfaceOrientationPortrait UIInterfaceOrientationPortraitUpsideDown UIInterfaceOrientationLandscapeLeft UIInterfaceOrientationLandscapeRight";
				INFOPLIST_KEY_UISupportedInterfaceOrientations_iPhone = "UIInterfaceOrientationPortrait UIInterfaceOrientationLandscapeLeft UIInterfaceOrientationLandscapeRight";
				LD_RUNPATH_SEARCH_PATHS = (
					"$(inherited)",
					"@executable_path/Frameworks",
				);
				MARKETING_VERSION = 1.0;
				PRODUCT_BUNDLE_IDENTIFIER = com.codepath.Flixter;
				PRODUCT_NAME = "$(TARGET_NAME)";
				SWIFT_EMIT_LOC_STRINGS = YES;
				TARGETED_DEVICE_FAMILY = "1,2";
			};
			name = Release;
		};
		444D3CCF285A483C00FB9C13 /* Debug */ = {
			isa = XCBuildConfiguration;
			baseConfigurationReference = DF272AFFBC8BC594EC6974A2 /* Pods-FlixterTests.debug.xcconfig */;
			buildSettings = {
				BUNDLE_LOADER = "$(TEST_HOST)";
				CODE_SIGN_STYLE = Automatic;
				CURRENT_PROJECT_VERSION = 1;
				GENERATE_INFOPLIST_FILE = YES;
				IPHONEOS_DEPLOYMENT_TARGET = 15.5;
				MARKETING_VERSION = 1.0;
				PRODUCT_BUNDLE_IDENTIFIER = com.codepath.FlixterTests;
				PRODUCT_NAME = "$(TARGET_NAME)";
				SWIFT_EMIT_LOC_STRINGS = NO;
				TARGETED_DEVICE_FAMILY = "1,2";
				TEST_HOST = "$(BUILT_PRODUCTS_DIR)/Flixter.app/Flixter";
			};
			name = Debug;
		};
		444D3CD0285A483C00FB9C13 /* Release */ = {
			isa = XCBuildConfiguration;
			baseConfigurationReference = FDBB6B80BECE29837C3417FE /* Pods-FlixterTests.release.xcconfig */;
			buildSettings = {
				BUNDLE_LOADER = "$(TEST_HOST)";
				CODE_SIGN_STYLE = Automatic;
				CURRENT_PROJECT_VERSION = 1;
				GENERATE_INFOPLIST_FILE = YES;
				IPHONEOS_DEPLOYMENT_TARGET = 15.5;
				MARKETING_VERSION = 1.0;
				PRODUCT_BUNDLE_IDENTIFIER = com.codepath.FlixterTests;
				PRODUCT_NAME = "$(TARGET_NAME)";
				SWIFT_EMIT_LOC_STRINGS = NO;
				TARGETED_DEVICE_FAMILY = "1,2";
				TEST_HOST = "$(BUILT_PRODUCTS_DIR)/Flixter.app/Flixter";
			};
			name = Release;
		};
		444D3CD2285A483C00FB9C13 /* Debug */ = {
			isa = XCBuildConfiguration;
			baseConfigurationReference = 62D4977F8373D253C16BF840 /* Pods-Flixter-FlixterUITests.debug.xcconfig */;
			buildSettings = {
				CODE_SIGN_STYLE = Automatic;
				CURRENT_PROJECT_VERSION = 1;
				GENERATE_INFOPLIST_FILE = YES;
				MARKETING_VERSION = 1.0;
				PRODUCT_BUNDLE_IDENTIFIER = com.codepath.FlixterUITests;
				PRODUCT_NAME = "$(TARGET_NAME)";
				SWIFT_EMIT_LOC_STRINGS = NO;
				TARGETED_DEVICE_FAMILY = "1,2";
				TEST_TARGET_NAME = Flixter;
			};
			name = Debug;
		};
		444D3CD3285A483C00FB9C13 /* Release */ = {
			isa = XCBuildConfiguration;
			baseConfigurationReference = FEEF586D4ECE9F3562FAC45F /* Pods-Flixter-FlixterUITests.release.xcconfig */;
			buildSettings = {
				CODE_SIGN_STYLE = Automatic;
				CURRENT_PROJECT_VERSION = 1;
				GENERATE_INFOPLIST_FILE = YES;
				MARKETING_VERSION = 1.0;
				PRODUCT_BUNDLE_IDENTIFIER = com.codepath.FlixterUITests;
				PRODUCT_NAME = "$(TARGET_NAME)";
				SWIFT_EMIT_LOC_STRINGS = NO;
				TARGETED_DEVICE_FAMILY = "1,2";
				TEST_TARGET_NAME = Flixter;
			};
			name = Release;
		};
/* End XCBuildConfiguration section */

/* Begin XCConfigurationList section */
		444D3C97285A483A00FB9C13 /* Build configuration list for PBXProject "Flixter" */ = {
			isa = XCConfigurationList;
			buildConfigurations = (
				444D3CC9285A483C00FB9C13 /* Debug */,
				444D3CCA285A483C00FB9C13 /* Release */,
			);
			defaultConfigurationIsVisible = 0;
			defaultConfigurationName = Release;
		};
		444D3CCB285A483C00FB9C13 /* Build configuration list for PBXNativeTarget "Flixter" */ = {
			isa = XCConfigurationList;
			buildConfigurations = (
				444D3CCC285A483C00FB9C13 /* Debug */,
				444D3CCD285A483C00FB9C13 /* Release */,
			);
			defaultConfigurationIsVisible = 0;
			defaultConfigurationName = Release;
		};
		444D3CCE285A483C00FB9C13 /* Build configuration list for PBXNativeTarget "FlixterTests" */ = {
			isa = XCConfigurationList;
			buildConfigurations = (
				444D3CCF285A483C00FB9C13 /* Debug */,
				444D3CD0285A483C00FB9C13 /* Release */,
			);
			defaultConfigurationIsVisible = 0;
			defaultConfigurationName = Release;
		};
		444D3CD1285A483C00FB9C13 /* Build configuration list for PBXNativeTarget "FlixterUITests" */ = {
			isa = XCConfigurationList;
			buildConfigurations = (
				444D3CD2285A483C00FB9C13 /* Debug */,
				444D3CD3285A483C00FB9C13 /* Release */,
			);
			defaultConfigurationIsVisible = 0;
			defaultConfigurationName = Release;
		};
/* End XCConfigurationList section */
	};
	rootObject = 444D3C94285A483A00FB9C13 /* Project object */;
}
